
Microsoft Visual Studio Solution File, Format Version 12.00
# Visual Studio 14
VisualStudioVersion = 14.0.24720.0
MinimumVisualStudioVersion = 10.0.40219.1
Project("{FAE04EC0-301F-11D3-BF4B-00C04F79EFBC}") = "perintätesti_t7", "perintätesti_t7\perintätesti_t7.csproj", "{B55F7FB0-30C5-4925-96A6-1B5C5C3AEBD0}"
EndProject
Global
	GlobalSection(SolutionConfigurationPlatforms) = preSolution
		Debug|Any CPU = Debug|Any CPU
		Release|Any CPU = Release|Any CPU
	EndGlobalSection
	GlobalSection(ProjectConfigurationPlatforms) = postSolution
		{B55F7FB0-30C5-4925-96A6-1B5C5C3AEBD0}.Debug|Any CPU.ActiveCfg = Debug|Any CPU
		{B55F7FB0-30C5-4925-96A6-1B5C5C3AEBD0}.Debug|Any CPU.Build.0 = Debug|Any CPU
		{B55F7FB0-30C5-4925-96A6-1B5C5C3AEBD0}.Release|Any CPU.ActiveCfg = Release|Any CPU
		{B55F7FB0-30C5-4925-96A6-1B5C5C3AEBD0}.Release|Any CPU.Build.0 = Release|Any CPU
	EndGlobalSection
	GlobalSection(SolutionProperties) = preSolution
		HideSolutionNode = FALSE
	EndGlobalSection
EndGlobal
